
Microsoft Visual Studio Solution File, Format Version 12.00
# Visual Studio 15
Project("{FAE04EC0-301F-11D3-BF4B-00C04F79EFBC}") = "Assembly-CSharp", "Assembly-CSharp.csproj", "{304F3717-7966-2F7C-1D90-05921768769D}"
EndProject
Project("{FAE04EC0-301F-11D3-BF4B-00C04F79EFBC}") = "Assembly-CSharp-Editor", "Assembly-CSharp-Editor.csproj", "{15F3EAC9-F778-E960-0712-1A5E174A4558}"
EndProject
Global
	GlobalSection(SolutionConfigurationPlatforms) = preSolution
		Debug|Any CPU = Debug|Any CPU
		Release|Any CPU = Release|Any CPU
	EndGlobalSection
	GlobalSection(ProjectConfigurationPlatforms) = postSolution
		{304F3717-7966-2F7C-1D90-05921768769D}.Debug|Any CPU.ActiveCfg = Debug|Any CPU
		{304F3717-7966-2F7C-1D90-05921768769D}.Debug|Any CPU.Build.0 = Debug|Any CPU
		{304F3717-7966-2F7C-1D90-05921768769D}.Release|Any CPU.ActiveCfg = Release|Any CPU
		{304F3717-7966-2F7C-1D90-05921768769D}.Release|Any CPU.Build.0 = Release|Any CPU
		{15F3EAC9-F778-E960-0712-1A5E174A4558}.Debug|Any CPU.ActiveCfg = Debug|Any CPU
		{15F3EAC9-F778-E960-0712-1A5E174A4558}.Debug|Any CPU.Build.0 = Debug|Any CPU
		{15F3EAC9-F778-E960-0712-1A5E174A4558}.Release|Any CPU.ActiveCfg = Release|Any CPU
		{15F3EAC9-F778-E960-0712-1A5E174A4558}.Release|Any CPU.Build.0 = Release|Any CPU
	EndGlobalSection
	GlobalSection(SolutionProperties) = preSolution
		HideSolutionNode = FALSE
	EndGlobalSection
EndGlobal
